// !$*UTF8*$!
{
	archiveVersion = 1;
	classes = {
	};
	objectVersion = 50;
	objects = {

/* Begin PBXBuildFile section */
		84D4FF9B20FA432E00F417C0 /* SwiftPracticeTests.swift in Sources */ = {isa = PBXBuildFile; fileRef = 84D4FF9A20FA432E00F417C0 /* SwiftPracticeTests.swift */; };
		84D4FFA620FA432E00F417C0 /* SwiftPracticeUITests.swift in Sources */ = {isa = PBXBuildFile; fileRef = 84D4FFA520FA432E00F417C0 /* SwiftPracticeUITests.swift */; };
		84D4FFBA20FA438700F417C0 /* AppDelegate.swift in Sources */ = {isa = PBXBuildFile; fileRef = 84D4FFB420FA438700F417C0 /* AppDelegate.swift */; };
		84D4FFBB20FA438700F417C0 /* Assets.xcassets in Resources */ = {isa = PBXBuildFile; fileRef = 84D4FFB520FA438700F417C0 /* Assets.xcassets */; };
		84D4FFBC20FA438700F417C0 /* LaunchScreen.storyboard in Resources */ = {isa = PBXBuildFile; fileRef = 84D4FFB620FA438700F417C0 /* LaunchScreen.storyboard */; };
		84D4FFBD20FA438700F417C0 /* Main.storyboard in Resources */ = {isa = PBXBuildFile; fileRef = 84D4FFB820FA438700F417C0 /* Main.storyboard */; };
		84D4FFC020FA43FF00F417C0 /* BaseVC.swift in Sources */ = {isa = PBXBuildFile; fileRef = 84D4FFBF20FA43FF00F417C0 /* BaseVC.swift */; };
		84D4FFC320FA440500F417C0 /* Launch Screen1.storyboard in Resources */ = {isa = PBXBuildFile; fileRef = 84D4FFC220FA440500F417C0 /* Launch Screen1.storyboard */; };
		84D99EEB20FFADAD006A4767 /* LaunchScreenVC.swift in Sources */ = {isa = PBXBuildFile; fileRef = 84D99EEA20FFADAD006A4767 /* LaunchScreenVC.swift */; };
/* End PBXBuildFile section */

/* Begin PBXContainerItemProxy section */
		84D4FF9720FA432E00F417C0 /* PBXContainerItemProxy */ = {
			isa = PBXContainerItemProxy;
			containerPortal = 84D4FF7A20FA432900F417C0 /* Project object */;
			proxyType = 1;
			remoteGlobalIDString = 84D4FF8120FA432900F417C0;
			remoteInfo = SwiftPractice;
		};
		84D4FFA220FA432E00F417C0 /* PBXContainerItemProxy */ = {
			isa = PBXContainerItemProxy;
			containerPortal = 84D4FF7A20FA432900F417C0 /* Project object */;
			proxyType = 1;
			remoteGlobalIDString = 84D4FF8120FA432900F417C0;
			remoteInfo = SwiftPractice;
		};
/* End PBXContainerItemProxy section */

/* Begin PBXFileReference section */
		84D4FF8220FA432900F417C0 /* SwiftPractice.app */ = {isa = PBXFileReference; explicitFileType = wrapper.application; includeInIndex = 0; path = SwiftPractice.app; sourceTree = BUILT_PRODUCTS_DIR; };
		84D4FF9120FA432E00F417C0 /* Info.plist */ = {isa = PBXFileReference; lastKnownFileType = text.plist.xml; path = Info.plist; sourceTree = "<group>"; };
		84D4FF9620FA432E00F417C0 /* SwiftPracticeTests.xctest */ = {isa = PBXFileReference; explicitFileType = wrapper.cfbundle; includeInIndex = 0; path = SwiftPracticeTests.xctest; sourceTree = BUILT_PRODUCTS_DIR; };
		84D4FF9A20FA432E00F417C0 /* SwiftPracticeTests.swift */ = {isa = PBXFileReference; lastKnownFileType = sourcecode.swift; path = SwiftPracticeTests.swift; sourceTree = "<group>"; };
		84D4FF9C20FA432E00F417C0 /* Info.plist */ = {isa = PBXFileReference; lastKnownFileType = text.plist.xml; path = Info.plist; sourceTree = "<group>"; };
		84D4FFA120FA432E00F417C0 /* SwiftPracticeUITests.xctest */ = {isa = PBXFileReference; explicitFileType = wrapper.cfbundle; includeInIndex = 0; path = SwiftPracticeUITests.xctest; sourceTree = BUILT_PRODUCTS_DIR; };
		84D4FFA520FA432E00F417C0 /* SwiftPracticeUITests.swift */ = {isa = PBXFileReference; lastKnownFileType = sourcecode.swift; path = SwiftPracticeUITests.swift; sourceTree = "<group>"; };
		84D4FFA720FA432E00F417C0 /* Info.plist */ = {isa = PBXFileReference; lastKnownFileType = text.plist.xml; path = Info.plist; sourceTree = "<group>"; };
		84D4FFB420FA438700F417C0 /* AppDelegate.swift */ = {isa = PBXFileReference; fileEncoding = 4; lastKnownFileType = sourcecode.swift; path = AppDelegate.swift; sourceTree = "<group>"; };
		84D4FFB520FA438700F417C0 /* Assets.xcassets */ = {isa = PBXFileReference; lastKnownFileType = folder.assetcatalog; path = Assets.xcassets; sourceTree = "<group>"; };
		84D4FFB720FA438700F417C0 /* Base */ = {isa = PBXFileReference; lastKnownFileType = file.storyboard; name = Base; path = Base.lproj/LaunchScreen.storyboard; sourceTree = "<group>"; };
		84D4FFB920FA438700F417C0 /* Base */ = {isa = PBXFileReference; lastKnownFileType = file.storyboard; name = Base; path = Base.lproj/Main.storyboard; sourceTree = "<group>"; };
		84D4FFBF20FA43FF00F417C0 /* BaseVC.swift */ = {isa = PBXFileReference; fileEncoding = 4; lastKnownFileType = sourcecode.swift; path = BaseVC.swift; sourceTree = "<group>"; };
		84D4FFC220FA440500F417C0 /* Launch Screen1.storyboard */ = {isa = PBXFileReference; fileEncoding = 4; lastKnownFileType = file.storyboard; path = "Launch Screen1.storyboard"; sourceTree = "<group>"; };
		84D99EE620FF71B7006A4767 /* SwiftPractice.entitlements */ = {isa = PBXFileReference; lastKnownFileType = text.plist.entitlements; path = SwiftPractice.entitlements; sourceTree = "<group>"; };
		84D99EEA20FFADAD006A4767 /* LaunchScreenVC.swift */ = {isa = PBXFileReference; lastKnownFileType = sourcecode.swift; path = LaunchScreenVC.swift; sourceTree = "<group>"; };
/* End PBXFileReference section */

/* Begin PBXFrameworksBuildPhase section */
		84D4FF7F20FA432900F417C0 /* Frameworks */ = {
			isa = PBXFrameworksBuildPhase;
			buildActionMask = 2147483647;
			files = (
			);
			runOnlyForDeploymentPostprocessing = 0;
		};
		84D4FF9320FA432E00F417C0 /* Frameworks */ = {
			isa = PBXFrameworksBuildPhase;
			buildActionMask = 2147483647;
			files = (
			);
			runOnlyForDeploymentPostprocessing = 0;
		};
		84D4FF9E20FA432E00F417C0 /* Frameworks */ = {
			isa = PBXFrameworksBuildPhase;
			buildActionMask = 2147483647;
			files = (
			);
			runOnlyForDeploymentPostprocessing = 0;
		};
/* End PBXFrameworksBuildPhase section */

/* Begin PBXGroup section */
		84D4FF7920FA432900F417C0 = {
			isa = PBXGroup;
			children = (
				84D4FF8420FA432900F417C0 /* SwiftPractice */,
				84D4FF9920FA432E00F417C0 /* SwiftPracticeTests */,
				84D4FFA420FA432E00F417C0 /* SwiftPracticeUITests */,
				84D4FF8320FA432900F417C0 /* Products */,
				84D99EE720FF71BD006A4767 /* Frameworks */,
			);
			sourceTree = "<group>";
		};
		84D4FF8320FA432900F417C0 /* Products */ = {
			isa = PBXGroup;
			children = (
				84D4FF8220FA432900F417C0 /* SwiftPractice.app */,
				84D4FF9620FA432E00F417C0 /* SwiftPracticeTests.xctest */,
				84D4FFA120FA432E00F417C0 /* SwiftPracticeUITests.xctest */,
			);
			name = Products;
			sourceTree = "<group>";
		};
		84D4FF8420FA432900F417C0 /* SwiftPractice */ = {
			isa = PBXGroup;
			children = (
				84D99EE620FF71B7006A4767 /* SwiftPractice.entitlements */,
				84D4FFC120FA440500F417C0 /* LaunchScreen */,
				84D4FFBE20FA43FF00F417C0 /* BaseController */,
				84D4FFB320FA438700F417C0 /* SupportFiles */,
				84D4FF9120FA432E00F417C0 /* Info.plist */,
			);
			path = SwiftPractice;
			sourceTree = "<group>";
		};
		84D4FF9920FA432E00F417C0 /* SwiftPracticeTests */ = {
			isa = PBXGroup;
			children = (
				84D4FF9A20FA432E00F417C0 /* SwiftPracticeTests.swift */,
				84D4FF9C20FA432E00F417C0 /* Info.plist */,
			);
			path = SwiftPracticeTests;
			sourceTree = "<group>";
		};
		84D4FFA420FA432E00F417C0 /* SwiftPracticeUITests */ = {
			isa = PBXGroup;
			children = (
				84D4FFA520FA432E00F417C0 /* SwiftPracticeUITests.swift */,
				84D4FFA720FA432E00F417C0 /* Info.plist */,
			);
			path = SwiftPracticeUITests;
			sourceTree = "<group>";
		};
		84D4FFB320FA438700F417C0 /* SupportFiles */ = {
			isa = PBXGroup;
			children = (
				84D4FFB420FA438700F417C0 /* AppDelegate.swift */,
				84D4FFB520FA438700F417C0 /* Assets.xcassets */,
				84D4FFB620FA438700F417C0 /* LaunchScreen.storyboard */,
				84D4FFB820FA438700F417C0 /* Main.storyboard */,
			);
			path = SupportFiles;
			sourceTree = "<group>";
		};
		84D4FFBE20FA43FF00F417C0 /* BaseController */ = {
			isa = PBXGroup;
			children = (
				84D4FFBF20FA43FF00F417C0 /* BaseVC.swift */,
			);
			path = BaseController;
			sourceTree = "<group>";
		};
		84D4FFC120FA440500F417C0 /* LaunchScreen */ = {
			isa = PBXGroup;
			children = (
				84D99EEA20FFADAD006A4767 /* LaunchScreenVC.swift */,
				84D4FFC220FA440500F417C0 /* Launch Screen1.storyboard */,
			);
			path = LaunchScreen;
			sourceTree = "<group>";
		};
		84D99EE720FF71BD006A4767 /* Frameworks */ = {
			isa = PBXGroup;
			children = (
			);
			name = Frameworks;
			sourceTree = "<group>";
		};
/* End PBXGroup section */

/* Begin PBXNativeTarget section */
		84D4FF8120FA432900F417C0 /* SwiftPractice */ = {
			isa = PBXNativeTarget;
			buildConfigurationList = 84D4FFAA20FA432E00F417C0 /* Build configuration list for PBXNativeTarget "SwiftPractice" */;
			buildPhases = (
				84D4FF7E20FA432900F417C0 /* Sources */,
				84D4FF7F20FA432900F417C0 /* Frameworks */,
				84D4FF8020FA432900F417C0 /* Resources */,
			);
			buildRules = (
			);
			dependencies = (
			);
			name = SwiftPractice;
			productName = SwiftPractice;
			productReference = 84D4FF8220FA432900F417C0 /* SwiftPractice.app */;
			productType = "com.apple.product-type.application";
		};
		84D4FF9520FA432E00F417C0 /* SwiftPracticeTests */ = {
			isa = PBXNativeTarget;
			buildConfigurationList = 84D4FFAD20FA432E00F417C0 /* Build configuration list for PBXNativeTarget "SwiftPracticeTests" */;
			buildPhases = (
				84D4FF9220FA432E00F417C0 /* Sources */,
				84D4FF9320FA432E00F417C0 /* Frameworks */,
				84D4FF9420FA432E00F417C0 /* Resources */,
			);
			buildRules = (
			);
			dependencies = (
				84D4FF9820FA432E00F417C0 /* PBXTargetDependency */,
			);
			name = SwiftPracticeTests;
			productName = SwiftPracticeTests;
			productReference = 84D4FF9620FA432E00F417C0 /* SwiftPracticeTests.xctest */;
			productType = "com.apple.product-type.bundle.unit-test";
		};
		84D4FFA020FA432E00F417C0 /* SwiftPracticeUITests */ = {
			isa = PBXNativeTarget;
			buildConfigurationList = 84D4FFB020FA432E00F417C0 /* Build configuration list for PBXNativeTarget "SwiftPracticeUITests" */;
			buildPhases = (
				84D4FF9D20FA432E00F417C0 /* Sources */,
				84D4FF9E20FA432E00F417C0 /* Frameworks */,
				84D4FF9F20FA432E00F417C0 /* Resources */,
			);
			buildRules = (
			);
			dependencies = (
				84D4FFA320FA432E00F417C0 /* PBXTargetDependency */,
			);
			name = SwiftPracticeUITests;
			productName = SwiftPracticeUITests;
			productReference = 84D4FFA120FA432E00F417C0 /* SwiftPracticeUITests.xctest */;
			productType = "com.apple.product-type.bundle.ui-testing";
		};
/* End PBXNativeTarget section */

/* Begin PBXProject section */
		84D4FF7A20FA432900F417C0 /* Project object */ = {
			isa = PBXProject;
			attributes = {
				LastSwiftUpdateCheck = 0940;
				LastUpgradeCheck = 0940;
				ORGANIZATIONNAME = Admin;
				TargetAttributes = {
					84D4FF8120FA432900F417C0 = {
						CreatedOnToolsVersion = 9.4.1;
						SystemCapabilities = {
							com.apple.Push = {
								enabled = 1;
							};
							com.apple.iCloud = {
								enabled = 0;
							};
						};
					};
					84D4FF9520FA432E00F417C0 = {
						CreatedOnToolsVersion = 9.4.1;
						TestTargetID = 84D4FF8120FA432900F417C0;
					};
					84D4FFA020FA432E00F417C0 = {
						CreatedOnToolsVersion = 9.4.1;
						TestTargetID = 84D4FF8120FA432900F417C0;
					};
				};
			};
			buildConfigurationList = 84D4FF7D20FA432900F417C0 /* Build configuration list for PBXProject "SwiftPractice" */;
			compatibilityVersion = "Xcode 9.3";
			developmentRegion = en;
			hasScannedForEncodings = 0;
			knownRegions = (
				en,
				Base,
			);
			mainGroup = 84D4FF7920FA432900F417C0;
			productRefGroup = 84D4FF8320FA432900F417C0 /* Products */;
			projectDirPath = "";
			projectRoot = "";
			targets = (
				84D4FF8120FA432900F417C0 /* SwiftPractice */,
				84D4FF9520FA432E00F417C0 /* SwiftPracticeTests */,
				84D4FFA020FA432E00F417C0 /* SwiftPracticeUITests */,
			);
		};
/* End PBXProject section */

/* Begin PBXResourcesBuildPhase section */
		84D4FF8020FA432900F417C0 /* Resources */ = {
			isa = PBXResourcesBuildPhase;
			buildActionMask = 2147483647;
			files = (
				84D4FFC320FA440500F417C0 /* Launch Screen1.storyboard in Resources */,
				84D4FFBD20FA438700F417C0 /* Main.storyboard in Resources */,
				84D4FFBC20FA438700F417C0 /* LaunchScreen.storyboard in Resources */,
				84D4FFBB20FA438700F417C0 /* Assets.xcassets in Resources */,
			);
			runOnlyForDeploymentPostprocessing = 0;
		};
		84D4FF9420FA432E00F417C0 /* Resources */ = {
			isa = PBXResourcesBuildPhase;
			buildActionMask = 2147483647;
			files = (
			);
			runOnlyForDeploymentPostprocessing = 0;
		};
		84D4FF9F20FA432E00F417C0 /* Resources */ = {
			isa = PBXResourcesBuildPhase;
			buildActionMask = 2147483647;
			files = (
			);
			runOnlyForDeploymentPostprocessing = 0;
		};
/* End PBXResourcesBuildPhase section */

/* Begin PBXSourcesBuildPhase section */
		84D4FF7E20FA432900F417C0 /* Sources */ = {
			isa = PBXSourcesBuildPhase;
			buildActionMask = 2147483647;
			files = (
				84D4FFBA20FA438700F417C0 /* AppDelegate.swift in Sources */,
				84D4FFC020FA43FF00F417C0 /* BaseVC.swift in Sources */,
				84D99EEB20FFADAD006A4767 /* LaunchScreenVC.swift in Sources */,
			);
			runOnlyForDeploymentPostprocessing = 0;
		};
		84D4FF9220FA432E00F417C0 /* Sources */ = {
			isa = PBXSourcesBuildPhase;
			buildActionMask = 2147483647;
			files = (
				84D4FF9B20FA432E00F417C0 /* SwiftPracticeTests.swift in Sources */,
			);
			runOnlyForDeploymentPostprocessing = 0;
		};
		84D4FF9D20FA432E00F417C0 /* Sources */ = {
			isa = PBXSourcesBuildPhase;
			buildActionMask = 2147483647;
			files = (
				84D4FFA620FA432E00F417C0 /* SwiftPracticeUITests.swift in Sources */,
			);
			runOnlyForDeploymentPostprocessing = 0;
		};
/* End PBXSourcesBuildPhase section */

/* Begin PBXTargetDependency section */
		84D4FF9820FA432E00F417C0 /* PBXTargetDependency */ = {
			isa = PBXTargetDependency;
			target = 84D4FF8120FA432900F417C0 /* SwiftPractice */;
			targetProxy = 84D4FF9720FA432E00F417C0 /* PBXContainerItemProxy */;
		};
		84D4FFA320FA432E00F417C0 /* PBXTargetDependency */ = {
			isa = PBXTargetDependency;
			target = 84D4FF8120FA432900F417C0 /* SwiftPractice */;
			targetProxy = 84D4FFA220FA432E00F417C0 /* PBXContainerItemProxy */;
		};
/* End PBXTargetDependency section */

/* Begin PBXVariantGroup section */
		84D4FFB620FA438700F417C0 /* LaunchScreen.storyboard */ = {
			isa = PBXVariantGroup;
			children = (
				84D4FFB720FA438700F417C0 /* Base */,
			);
			name = LaunchScreen.storyboard;
			sourceTree = "<group>";
		};
		84D4FFB820FA438700F417C0 /* Main.storyboard */ = {
			isa = PBXVariantGroup;
			children = (
				84D4FFB920FA438700F417C0 /* Base */,
			);
			name = Main.storyboard;
			sourceTree = "<group>";
		};
/* End PBXVariantGroup section */

/* Begin XCBuildConfiguration section */
		84D4FFA820FA432E00F417C0 /* Debug */ = {
			isa = XCBuildConfiguration;
			buildSettings = {
				ALWAYS_SEARCH_USER_PATHS = NO;
				CLANG_ANALYZER_NONNULL = YES;
				CLANG_ANALYZER_NUMBER_OBJECT_CONVERSION = YES_AGGRESSIVE;
				CLANG_CXX_LANGUAGE_STANDARD = "gnu++14";
				CLANG_CXX_LIBRARY = "libc++";
				CLANG_ENABLE_MODULES = YES;
				CLANG_ENABLE_OBJC_ARC = YES;
				CLANG_ENABLE_OBJC_WEAK = YES;
				CLANG_WARN_BLOCK_CAPTURE_AUTORELEASING = YES;
				CLANG_WARN_BOOL_CONVERSION = YES;
				CLANG_WARN_COMMA = YES;
				CLANG_WARN_CONSTANT_CONVERSION = YES;
				CLANG_WARN_DEPRECATED_OBJC_IMPLEMENTATIONS = YES;
				CLANG_WARN_DIRECT_OBJC_ISA_USAGE = YES_ERROR;
				CLANG_WARN_DOCUMENTATION_COMMENTS = YES;
				CLANG_WARN_EMPTY_BODY = YES;
				CLANG_WARN_ENUM_CONVERSION = YES;
				CLANG_WARN_INFINITE_RECURSION = YES;
				CLANG_WARN_INT_CONVERSION = YES;
				CLANG_WARN_NON_LITERAL_NULL_CONVERSION = YES;
				CLANG_WARN_OBJC_IMPLICIT_RETAIN_SELF = YES;
				CLANG_WARN_OBJC_LITERAL_CONVERSION = YES;
				CLANG_WARN_OBJC_ROOT_CLASS = YES_ERROR;
				CLANG_WARN_RANGE_LOOP_ANALYSIS = YES;
				CLANG_WARN_STRICT_PROTOTYPES = YES;
				CLANG_WARN_SUSPICIOUS_MOVE = YES;
				CLANG_WARN_UNGUARDED_AVAILABILITY = YES_AGGRESSIVE;
				CLANG_WARN_UNREACHABLE_CODE = YES;
				CLANG_WARN__DUPLICATE_METHOD_MATCH = YES;
				CODE_SIGN_IDENTITY = "iPhone Developer";
				COPY_PHASE_STRIP = NO;
				DEBUG_INFORMATION_FORMAT = dwarf;
				ENABLE_STRICT_OBJC_MSGSEND = YES;
				ENABLE_TESTABILITY = YES;
				GCC_C_LANGUAGE_STANDARD = gnu11;
				GCC_DYNAMIC_NO_PIC = NO;
				GCC_NO_COMMON_BLOCKS = YES;
				GCC_OPTIMIZATION_LEVEL = 0;
				GCC_PREPROCESSOR_DEFINITIONS = (
					"DEBUG=1",
					"$(inherited)",
				);
				GCC_WARN_64_TO_32_BIT_CONVERSION = YES;
				GCC_WARN_ABOUT_RETURN_TYPE = YES_ERROR;
				GCC_WARN_UNDECLARED_SELECTOR = YES;
				GCC_WARN_UNINITIALIZED_AUTOS = YES_AGGRESSIVE;
				GCC_WARN_UNUSED_FUNCTION = YES;
				GCC_WARN_UNUSED_VARIABLE = YES;
				IPHONEOS_DEPLOYMENT_TARGET = 11.4;
				MTL_ENABLE_DEBUG_INFO = YES;
				ONLY_ACTIVE_ARCH = YES;
				SDKROOT = iphoneos;
				SWIFT_ACTIVE_COMPILATION_CONDITIONS = DEBUG;
				SWIFT_OPTIMIZATION_LEVEL = "-Onone";
			};
			name = Debug;
		};
		84D4FFA920FA432E00F417C0 /* Release */ = {
			isa = XCBuildConfiguration;
			buildSettings = {
				ALWAYS_SEARCH_USER_PATHS = NO;
				CLANG_ANALYZER_NONNULL = YES;
				CLANG_ANALYZER_NUMBER_OBJECT_CONVERSION = YES_AGGRESSIVE;
				CLANG_CXX_LANGUAGE_STANDARD = "gnu++14";
				CLANG_CXX_LIBRARY = "libc++";
				CLANG_ENABLE_MODULES = YES;
				CLANG_ENABLE_OBJC_ARC = YES;
				CLANG_ENABLE_OBJC_WEAK = YES;
				CLANG_WARN_BLOCK_CAPTURE_AUTORELEASING = YES;
				CLANG_WARN_BOOL_CONVERSION = YES;
				CLANG_WARN_COMMA = YES;
				CLANG_WARN_CONSTANT_CONVERSION = YES;
				CLANG_WARN_DEPRECATED_OBJC_IMPLEMENTATIONS = YES;
				CLANG_WARN_DIRECT_OBJC_ISA_USAGE = YES_ERROR;
				CLANG_WARN_DOCUMENTATION_COMMENTS = YES;
				CLANG_WARN_EMPTY_BODY = YES;
				CLANG_WARN_ENUM_CONVERSION = YES;
				CLANG_WARN_INFINITE_RECURSION = YES;
				CLANG_WARN_INT_CONVERSION = YES;
				CLANG_WARN_NON_LITERAL_NULL_CONVERSION = YES;
				CLANG_WARN_OBJC_IMPLICIT_RETAIN_SELF = YES;
				CLANG_WARN_OBJC_LITERAL_CONVERSION = YES;
				CLANG_WARN_OBJC_ROOT_CLASS = YES_ERROR;
				CLANG_WARN_RANGE_LOOP_ANALYSIS = YES;
				CLANG_WARN_STRICT_PROTOTYPES = YES;
				CLANG_WARN_SUSPICIOUS_MOVE = YES;
				CLANG_WARN_UNGUARDED_AVAILABILITY = YES_AGGRESSIVE;
				CLANG_WARN_UNREACHABLE_CODE = YES;
				CLANG_WARN__DUPLICATE_METHOD_MATCH = YES;
				CODE_SIGN_IDENTITY = "iPhone Developer";
				COPY_PHASE_STRIP = NO;
				DEBUG_INFORMATION_FORMAT = "dwarf-with-dsym";
				ENABLE_NS_ASSERTIONS = NO;
				ENABLE_STRICT_OBJC_MSGSEND = YES;
				GCC_C_LANGUAGE_STANDARD = gnu11;
				GCC_NO_COMMON_BLOCKS = YES;
				GCC_WARN_64_TO_32_BIT_CONVERSION = YES;
				GCC_WARN_ABOUT_RETURN_TYPE = YES_ERROR;
				GCC_WARN_UNDECLARED_SELECTOR = YES;
				GCC_WARN_UNINITIALIZED_AUTOS = YES_AGGRESSIVE;
				GCC_WARN_UNUSED_FUNCTION = YES;
				GCC_WARN_UNUSED_VARIABLE = YES;
				IPHONEOS_DEPLOYMENT_TARGET = 11.4;
				MTL_ENABLE_DEBUG_INFO = NO;
				SDKROOT = iphoneos;
				SWIFT_COMPILATION_MODE = wholemodule;
				SWIFT_OPTIMIZATION_LEVEL = "-O";
				VALIDATE_PRODUCT = YES;
			};
			name = Release;
		};
		84D4FFAB20FA432E00F417C0 /* Debug */ = {
			isa = XCBuildConfiguration;
			buildSettings = {
				ASSETCATALOG_COMPILER_APPICON_NAME = AppIcon;
				ASSETCATALOG_COMPILER_LAUNCHIMAGE_NAME = LaunchImage;
				CODE_SIGN_ENTITLEMENTS = SwiftPractice/SwiftPractice.entitlements;
				CODE_SIGN_STYLE = Manual;
				DEVELOPMENT_TEAM = 5TY53JR767;
				INFOPLIST_FILE = SwiftPractice/Info.plist;
				IPHONEOS_DEPLOYMENT_TARGET = 10.0;
				LD_RUNPATH_SEARCH_PATHS = (
					"$(inherited)",
					"@executable_path/Frameworks",
				);
				PRODUCT_BUNDLE_IDENTIFIER = com.verifyme.VerifyMeAuthenticator;
				PRODUCT_NAME = "$(TARGET_NAME)";
				PROVISIONING_PROFILE = "10cddc9b-4a52-482d-ac88-92f0029ebe71";
				PROVISIONING_PROFILE_SPECIFIER = VerfyMeDevl;
				SWIFT_VERSION = 4.0;
				TARGETED_DEVICE_FAMILY = "1,2";
			};
			name = Debug;
		};
		84D4FFAC20FA432E00F417C0 /* Release */ = {
			isa = XCBuildConfiguration;
			buildSettings = {
				ASSETCATALOG_COMPILER_APPICON_NAME = AppIcon;
				ASSETCATALOG_COMPILER_LAUNCHIMAGE_NAME = LaunchImage;
				CODE_SIGN_ENTITLEMENTS = SwiftPractice/SwiftPractice.entitlements;
				CODE_SIGN_STYLE = Manual;
				DEVELOPMENT_TEAM = "";
				INFOPLIST_FILE = SwiftPractice/Info.plist;
				IPHONEOS_DEPLOYMENT_TARGET = 10.0;
				LD_RUNPATH_SEARCH_PATHS = (
					"$(inherited)",
					"@executable_path/Frameworks",
				);
				PRODUCT_BUNDLE_IDENTIFIER = com.verifyme.VerifyMeAuthenticator;
				PRODUCT_NAME = "$(TARGET_NAME)";
				PROVISIONING_PROFILE_SPECIFIER = "";
				SWIFT_VERSION = 4.0;
				TARGETED_DEVICE_FAMILY = "1,2";
			};
			name = Release;
		};
		84D4FFAE20FA432E00F417C0 /* Debug */ = {
			isa = XCBuildConfiguration;
			buildSettings = {
				ALWAYS_EMBED_SWIFT_STANDARD_LIBRARIES = YES;
				BUNDLE_LOADER = "$(TEST_HOST)";
				CODE_SIGN_STYLE = Automatic;
				INFOPLIST_FILE = SwiftPracticeTests/Info.plist;
				LD_RUNPATH_SEARCH_PATHS = (
					"$(inherited)",
					"@executable_path/Frameworks",
					"@loader_path/Frameworks",
				);
				PRODUCT_BUNDLE_IDENTIFIER = chetu.SwiftPracticeTests;
				PRODUCT_NAME = "$(TARGET_NAME)";
				SWIFT_VERSION = 4.0;
				TARGETED_DEVICE_FAMILY = "1,2";
				TEST_HOST = "$(BUILT_PRODUCTS_DIR)/SwiftPractice.app/SwiftPractice";
			};
			name = Debug;
		};
		84D4FFAF20FA432E00F417C0 /* Release */ = {
			isa = XCBuildConfiguration;
			buildSettings = {
				ALWAYS_EMBED_SWIFT_STANDARD_LIBRARIES = YES;
				BUNDLE_LOADER = "$(TEST_HOST)";
				CODE_SIGN_STYLE = Automatic;
				INFOPLIST_FILE = SwiftPracticeTests/Info.plist;
				LD_RUNPATH_SEARCH_PATHS = (
					"$(inherited)",
					"@executable_path/Frameworks",
					"@loader_path/Frameworks",
				);
				PRODUCT_BUNDLE_IDENTIFIER = chetu.SwiftPracticeTests;
				PRODUCT_NAME = "$(TARGET_NAME)";
				SWIFT_VERSION = 4.0;
				TARGETED_DEVICE_FAMILY = "1,2";
				TEST_HOST = "$(BUILT_PRODUCTS_DIR)/SwiftPractice.app/SwiftPractice";
			};
			name = Release;
		};
		84D4FFB120FA432E00F417C0 /* Debug */ = {
			isa = XCBuildConfiguration;
			buildSettings = {
				ALWAYS_EMBED_SWIFT_STANDARD_LIBRARIES = YES;
				CODE_SIGN_STYLE = Automatic;
				INFOPLIST_FILE = SwiftPracticeUITests/Info.plist;
				LD_RUNPATH_SEARCH_PATHS = (
					"$(inherited)",
					"@executable_path/Frameworks",
					"@loader_path/Frameworks",
				);
				PRODUCT_BUNDLE_IDENTIFIER = chetu.SwiftPracticeUITests;
				PRODUCT_NAME = "$(TARGET_NAME)";
				SWIFT_VERSION = 4.0;
				TARGETED_DEVICE_FAMILY = "1,2";
				TEST_TARGET_NAME = SwiftPractice;
			};
			name = Debug;
		};
		84D4FFB220FA432E00F417C0 /* Release */ = {
			isa = XCBuildConfiguration;
			buildSettings = {
				ALWAYS_EMBED_SWIFT_STANDARD_LIBRARIES = YES;
				CODE_SIGN_STYLE = Automatic;
				INFOPLIST_FILE = SwiftPracticeUITests/Info.plist;
				LD_RUNPATH_SEARCH_PATHS = (
					"$(inherited)",
					"@executable_path/Frameworks",
					"@loader_path/Frameworks",
				);
				PRODUCT_BUNDLE_IDENTIFIER = chetu.SwiftPracticeUITests;
				PRODUCT_NAME = "$(TARGET_NAME)";
				SWIFT_VERSION = 4.0;
				TARGETED_DEVICE_FAMILY = "1,2";
				TEST_TARGET_NAME = SwiftPractice;
			};
			name = Release;
		};
/* End XCBuildConfiguration section */

/* Begin XCConfigurationList section */
		84D4FF7D20FA432900F417C0 /* Build configuration list for PBXProject "SwiftPractice" */ = {
			isa = XCConfigurationList;
			buildConfigurations = (
				84D4FFA820FA432E00F417C0 /* Debug */,
				84D4FFA920FA432E00F417C0 /* Release */,
			);
			defaultConfigurationIsVisible = 0;
			defaultConfigurationName = Release;
		};
		84D4FFAA20FA432E00F417C0 /* Build configuration list for PBXNativeTarget "SwiftPractice" */ = {
			isa = XCConfigurationList;
			buildConfigurations = (
				84D4FFAB20FA432E00F417C0 /* Debug */,
				84D4FFAC20FA432E00F417C0 /* Release */,
			);
			defaultConfigurationIsVisible = 0;
			defaultConfigurationName = Release;
		};
		84D4FFAD20FA432E00F417C0 /* Build configuration list for PBXNativeTarget "SwiftPracticeTests" */ = {
			isa = XCConfigurationList;
			buildConfigurations = (
				84D4FFAE20FA432E00F417C0 /* Debug */,
				84D4FFAF20FA432E00F417C0 /* Release */,
			);
			defaultConfigurationIsVisible = 0;
			defaultConfigurationName = Release;
		};
		84D4FFB020FA432E00F417C0 /* Build configuration list for PBXNativeTarget "SwiftPracticeUITests" */ = {
			isa = XCConfigurationList;
			buildConfigurations = (
				84D4FFB120FA432E00F417C0 /* Debug */,
				84D4FFB220FA432E00F417C0 /* Release */,
			);
			defaultConfigurationIsVisible = 0;
			defaultConfigurationName = Release;
		};
/* End XCConfigurationList section */
	};
	rootObject = 84D4FF7A20FA432900F417C0 /* Project object */;
}
